// !$*UTF8*$!
{
	archiveVersion = 1;
	classes = {
	};
	objectVersion = 46;
	objects = {

/* Begin PBXBuildFile section */
		7D15E0F71B9B42E800AFFF64 /* ClockScrambler.m in Sources */ = {isa = PBXBuildFile; fileRef = 7D15E0D01B9B42E800AFFF64 /* ClockScrambler.m */; };
		7D15E0F81B9B42E800AFFF64 /* CTScrambleManager.m in Sources */ = {isa = PBXBuildFile; fileRef = 7D15E0D21B9B42E800AFFF64 /* CTScrambleManager.m */; };
		7D15E0F91B9B42E800AFFF64 /* CubeScrambler.m in Sources */ = {isa = PBXBuildFile; fileRef = 7D15E0D41B9B42E800AFFF64 /* CubeScrambler.m */; };
		7D15E0FA1B9B42E800AFFF64 /* MegaminxScrambler.m in Sources */ = {isa = PBXBuildFile; fileRef = 7D15E0D61B9B42E800AFFF64 /* MegaminxScrambler.m */; };
		7D15E0FB1B9B42E800AFFF64 /* PyraminxRandomStateScrambler.m in Sources */ = {isa = PBXBuildFile; fileRef = 7D15E0D81B9B42E800AFFF64 /* PyraminxRandomStateScrambler.m */; };
		7D15E0FC1B9B42E800AFFF64 /* RandomNumber.m in Sources */ = {isa = PBXBuildFile; fileRef = 7D15E0DA1B9B42E800AFFF64 /* RandomNumber.m */; };
		7D15E0FD1B9B42E800AFFF64 /* README.txt in Resources */ = {isa = PBXBuildFile; fileRef = 7D15E0DB1B9B42E800AFFF64 /* README.txt */; };
		7D15E0FE1B9B42E800AFFF64 /* SQFullCube.m in Sources */ = {isa = PBXBuildFile; fileRef = 7D15E0DE1B9B42E800AFFF64 /* SQFullCube.m */; };
		7D15E0FF1B9B42E800AFFF64 /* SQSearch.m in Sources */ = {isa = PBXBuildFile; fileRef = 7D15E0E01B9B42E800AFFF64 /* SQSearch.m */; };
		7D15E1001B9B42E800AFFF64 /* SQShape.m in Sources */ = {isa = PBXBuildFile; fileRef = 7D15E0E21B9B42E800AFFF64 /* SQShape.m */; };
		7D15E1011B9B42E800AFFF64 /* SQSquare.m in Sources */ = {isa = PBXBuildFile; fileRef = 7D15E0E41B9B42E800AFFF64 /* SQSquare.m */; };
		7D15E1021B9B42E800AFFF64 /* Square1Scrambler.m in Sources */ = {isa = PBXBuildFile; fileRef = 7D15E0E61B9B42E800AFFF64 /* Square1Scrambler.m */; };
		7D15E1031B9B42E800AFFF64 /* CoordCube.m in Sources */ = {isa = PBXBuildFile; fileRef = 7D15E0E91B9B42E800AFFF64 /* CoordCube.m */; };
		7D15E1041B9B42E800AFFF64 /* CubieCube.m in Sources */ = {isa = PBXBuildFile; fileRef = 7D15E0EB1B9B42E800AFFF64 /* CubieCube.m */; };
		7D15E1051B9B42E800AFFF64 /* Search.m in Sources */ = {isa = PBXBuildFile; fileRef = 7D15E0ED1B9B42E800AFFF64 /* Search.m */; };
		7D15E1061B9B42E800AFFF64 /* SharedVars.m in Sources */ = {isa = PBXBuildFile; fileRef = 7D15E0EE1B9B42E800AFFF64 /* SharedVars.m */; };
		7D15E1071B9B42E800AFFF64 /* SolveFormatConverter.m in Sources */ = {isa = PBXBuildFile; fileRef = 7D15E0F01B9B42E800AFFF64 /* SolveFormatConverter.m */; };
		7D15E1081B9B42E800AFFF64 /* TwoPhaseScrambler.m in Sources */ = {isa = PBXBuildFile; fileRef = 7D15E0F21B9B42E800AFFF64 /* TwoPhaseScrambler.m */; };
		7D15E1091B9B42E800AFFF64 /* Util.m in Sources */ = {isa = PBXBuildFile; fileRef = 7D15E0F41B9B42E800AFFF64 /* Util.m */; };
		7D15E10A1B9B42E800AFFF64 /* TwoByTwoRandomState.m in Sources */ = {isa = PBXBuildFile; fileRef = 7D15E0F61B9B42E800AFFF64 /* TwoByTwoRandomState.m */; };
		7D15E10C1B9B477E00AFFF64 /* TimerViewController.swift in Sources */ = {isa = PBXBuildFile; fileRef = 7D15E10B1B9B477E00AFFF64 /* TimerViewController.swift */; };
		7D15E10F1B9B47A600AFFF64 /* SettingsViewController.swift in Sources */ = {isa = PBXBuildFile; fileRef = 7D15E10E1B9B47A600AFFF64 /* SettingsViewController.swift */; };
		7D15E1131B9B47D700AFFF64 /* StatsViewController.swift in Sources */ = {isa = PBXBuildFile; fileRef = 7D15E1121B9B47D700AFFF64 /* StatsViewController.swift */; };
		7DA33A6C1B9B6FD000D335BE /* SelectScrambleStyleViewController.swift in Sources */ = {isa = PBXBuildFile; fileRef = 7DA33A6B1B9B6FD000D335BE /* SelectScrambleStyleViewController.swift */; };
		933D6CA61B9A992C0072E4CD /* AppDelegate.swift in Sources */ = {isa = PBXBuildFile; fileRef = 933D6CA51B9A992C0072E4CD /* AppDelegate.swift */; };
		933D6CA81B9A992C0072E4CD /* ViewController.swift in Sources */ = {isa = PBXBuildFile; fileRef = 933D6CA71B9A992C0072E4CD /* ViewController.swift */; };
		933D6CAB1B9A992C0072E4CD /* Main.storyboard in Resources */ = {isa = PBXBuildFile; fileRef = 933D6CA91B9A992C0072E4CD /* Main.storyboard */; };
		933D6CAD1B9A992C0072E4CD /* Images.xcassets in Resources */ = {isa = PBXBuildFile; fileRef = 933D6CAC1B9A992C0072E4CD /* Images.xcassets */; };
		933D6CB01B9A992C0072E4CD /* LaunchScreen.xib in Resources */ = {isa = PBXBuildFile; fileRef = 933D6CAE1B9A992C0072E4CD /* LaunchScreen.xib */; };
		933D6CBC1B9A992C0072E4CD /* SmartCubingTests.swift in Sources */ = {isa = PBXBuildFile; fileRef = 933D6CBB1B9A992C0072E4CD /* SmartCubingTests.swift */; };
/* End PBXBuildFile section */

/* Begin PBXContainerItemProxy section */
		933D6CB61B9A992C0072E4CD /* PBXContainerItemProxy */ = {
			isa = PBXContainerItemProxy;
			containerPortal = 933D6C981B9A992C0072E4CD /* Project object */;
			proxyType = 1;
			remoteGlobalIDString = 933D6C9F1B9A992C0072E4CD;
			remoteInfo = SmartCubing;
		};
/* End PBXContainerItemProxy section */

/* Begin PBXFileReference section */
		7D15E0CE1B9B42E800AFFF64 /* SmartCubing-Bridging-Header.h */ = {isa = PBXFileReference; lastKnownFileType = sourcecode.c.h; path = "SmartCubing-Bridging-Header.h"; sourceTree = "<group>"; };
		7D15E0CF1B9B42E800AFFF64 /* ClockScrambler.h */ = {isa = PBXFileReference; fileEncoding = 4; lastKnownFileType = sourcecode.c.h; path = ClockScrambler.h; sourceTree = "<group>"; };
		7D15E0D01B9B42E800AFFF64 /* ClockScrambler.m */ = {isa = PBXFileReference; fileEncoding = 4; lastKnownFileType = sourcecode.c.objc; path = ClockScrambler.m; sourceTree = "<group>"; };
		7D15E0D11B9B42E800AFFF64 /* CTScrambleManager.h */ = {isa = PBXFileReference; fileEncoding = 4; lastKnownFileType = sourcecode.c.h; path = CTScrambleManager.h; sourceTree = "<group>"; };
		7D15E0D21B9B42E800AFFF64 /* CTScrambleManager.m */ = {isa = PBXFileReference; fileEncoding = 4; lastKnownFileType = sourcecode.c.objc; path = CTScrambleManager.m; sourceTree = "<group>"; };
		7D15E0D31B9B42E800AFFF64 /* CubeScrambler.h */ = {isa = PBXFileReference; fileEncoding = 4; lastKnownFileType = sourcecode.c.h; path = CubeScrambler.h; sourceTree = "<group>"; };
		7D15E0D41B9B42E800AFFF64 /* CubeScrambler.m */ = {isa = PBXFileReference; fileEncoding = 4; lastKnownFileType = sourcecode.c.objc; path = CubeScrambler.m; sourceTree = "<group>"; };
		7D15E0D51B9B42E800AFFF64 /* MegaminxScrambler.h */ = {isa = PBXFileReference; fileEncoding = 4; lastKnownFileType = sourcecode.c.h; path = MegaminxScrambler.h; sourceTree = "<group>"; };
		7D15E0D61B9B42E800AFFF64 /* MegaminxScrambler.m */ = {isa = PBXFileReference; fileEncoding = 4; lastKnownFileType = sourcecode.c.objc; path = MegaminxScrambler.m; sourceTree = "<group>"; };
		7D15E0D71B9B42E800AFFF64 /* PyraminxRandomStateScrambler.h */ = {isa = PBXFileReference; fileEncoding = 4; lastKnownFileType = sourcecode.c.h; path = PyraminxRandomStateScrambler.h; sourceTree = "<group>"; };
		7D15E0D81B9B42E800AFFF64 /* PyraminxRandomStateScrambler.m */ = {isa = PBXFileReference; fileEncoding = 4; lastKnownFileType = sourcecode.c.objc; path = PyraminxRandomStateScrambler.m; sourceTree = "<group>"; };
		7D15E0D91B9B42E800AFFF64 /* RandomNumber.h */ = {isa = PBXFileReference; fileEncoding = 4; lastKnownFileType = sourcecode.c.h; path = RandomNumber.h; sourceTree = "<group>"; };
		7D15E0DA1B9B42E800AFFF64 /* RandomNumber.m */ = {isa = PBXFileReference; fileEncoding = 4; lastKnownFileType = sourcecode.c.objc; path = RandomNumber.m; sourceTree = "<group>"; };
		7D15E0DB1B9B42E800AFFF64 /* README.txt */ = {isa = PBXFileReference; fileEncoding = 4; lastKnownFileType = text; path = README.txt; sourceTree = "<group>"; };
		7D15E0DD1B9B42E800AFFF64 /* SQFullCube.h */ = {isa = PBXFileReference; fileEncoding = 4; lastKnownFileType = sourcecode.c.h; path = SQFullCube.h; sourceTree = "<group>"; };
		7D15E0DE1B9B42E800AFFF64 /* SQFullCube.m */ = {isa = PBXFileReference; fileEncoding = 4; lastKnownFileType = sourcecode.c.objc; path = SQFullCube.m; sourceTree = "<group>"; };
		7D15E0DF1B9B42E800AFFF64 /* SQSearch.h */ = {isa = PBXFileReference; fileEncoding = 4; lastKnownFileType = sourcecode.c.h; path = SQSearch.h; sourceTree = "<group>"; };
		7D15E0E01B9B42E800AFFF64 /* SQSearch.m */ = {isa = PBXFileReference; fileEncoding = 4; lastKnownFileType = sourcecode.c.objc; path = SQSearch.m; sourceTree = "<group>"; };
		7D15E0E11B9B42E800AFFF64 /* SQShape.h */ = {isa = PBXFileReference; fileEncoding = 4; lastKnownFileType = sourcecode.c.h; path = SQShape.h; sourceTree = "<group>"; };
		7D15E0E21B9B42E800AFFF64 /* SQShape.m */ = {isa = PBXFileReference; fileEncoding = 4; lastKnownFileType = sourcecode.c.objc; path = SQShape.m; sourceTree = "<group>"; };
		7D15E0E31B9B42E800AFFF64 /* SQSquare.h */ = {isa = PBXFileReference; fileEncoding = 4; lastKnownFileType = sourcecode.c.h; path = SQSquare.h; sourceTree = "<group>"; };
		7D15E0E41B9B42E800AFFF64 /* SQSquare.m */ = {isa = PBXFileReference; fileEncoding = 4; lastKnownFileType = sourcecode.c.objc; path = SQSquare.m; sourceTree = "<group>"; };
		7D15E0E51B9B42E800AFFF64 /* Square1Scrambler.h */ = {isa = PBXFileReference; fileEncoding = 4; lastKnownFileType = sourcecode.c.h; path = Square1Scrambler.h; sourceTree = "<group>"; };
		7D15E0E61B9B42E800AFFF64 /* Square1Scrambler.m */ = {isa = PBXFileReference; fileEncoding = 4; lastKnownFileType = sourcecode.c.objc; path = Square1Scrambler.m; sourceTree = "<group>"; };
		7D15E0E81B9B42E800AFFF64 /* CoordCube.h */ = {isa = PBXFileReference; fileEncoding = 4; lastKnownFileType = sourcecode.c.h; path = CoordCube.h; sourceTree = "<group>"; };
		7D15E0E91B9B42E800AFFF64 /* CoordCube.m */ = {isa = PBXFileReference; fileEncoding = 4; lastKnownFileType = sourcecode.c.objc; path = CoordCube.m; sourceTree = "<group>"; };
		7D15E0EA1B9B42E800AFFF64 /* CubieCube.h */ = {isa = PBXFileReference; fileEncoding = 4; lastKnownFileType = sourcecode.c.h; path = CubieCube.h; sourceTree = "<group>"; };
		7D15E0EB1B9B42E800AFFF64 /* CubieCube.m */ = {isa = PBXFileReference; fileEncoding = 4; lastKnownFileType = sourcecode.c.objc; path = CubieCube.m; sourceTree = "<group>"; };
		7D15E0EC1B9B42E800AFFF64 /* Search.h */ = {isa = PBXFileReference; fileEncoding = 4; lastKnownFileType = sourcecode.c.h; path = Search.h; sourceTree = "<group>"; };
		7D15E0ED1B9B42E800AFFF64 /* Search.m */ = {isa = PBXFileReference; fileEncoding = 4; lastKnownFileType = sourcecode.c.objc; path = Search.m; sourceTree = "<group>"; };
		7D15E0EE1B9B42E800AFFF64 /* SharedVars.m */ = {isa = PBXFileReference; fileEncoding = 4; lastKnownFileType = sourcecode.c.objc; path = SharedVars.m; sourceTree = "<group>"; };
		7D15E0EF1B9B42E800AFFF64 /* SolveFormatConverter.h */ = {isa = PBXFileReference; fileEncoding = 4; lastKnownFileType = sourcecode.c.h; path = SolveFormatConverter.h; sourceTree = "<group>"; };
		7D15E0F01B9B42E800AFFF64 /* SolveFormatConverter.m */ = {isa = PBXFileReference; fileEncoding = 4; lastKnownFileType = sourcecode.c.objc; path = SolveFormatConverter.m; sourceTree = "<group>"; };
		7D15E0F11B9B42E800AFFF64 /* TwoPhaseScrambler.h */ = {isa = PBXFileReference; fileEncoding = 4; lastKnownFileType = sourcecode.c.h; path = TwoPhaseScrambler.h; sourceTree = "<group>"; };
		7D15E0F21B9B42E800AFFF64 /* TwoPhaseScrambler.m */ = {isa = PBXFileReference; fileEncoding = 4; lastKnownFileType = sourcecode.c.objc; path = TwoPhaseScrambler.m; sourceTree = "<group>"; };
		7D15E0F31B9B42E800AFFF64 /* Util.h */ = {isa = PBXFileReference; fileEncoding = 4; lastKnownFileType = sourcecode.c.h; path = Util.h; sourceTree = "<group>"; };
		7D15E0F41B9B42E800AFFF64 /* Util.m */ = {isa = PBXFileReference; fileEncoding = 4; lastKnownFileType = sourcecode.c.objc; path = Util.m; sourceTree = "<group>"; };
		7D15E0F51B9B42E800AFFF64 /* TwoByTwoRandomState.h */ = {isa = PBXFileReference; fileEncoding = 4; lastKnownFileType = sourcecode.c.h; path = TwoByTwoRandomState.h; sourceTree = "<group>"; };
		7D15E0F61B9B42E800AFFF64 /* TwoByTwoRandomState.m */ = {isa = PBXFileReference; fileEncoding = 4; lastKnownFileType = sourcecode.c.objc; path = TwoByTwoRandomState.m; sourceTree = "<group>"; };
		7D15E10B1B9B477E00AFFF64 /* TimerViewController.swift */ = {isa = PBXFileReference; fileEncoding = 4; lastKnownFileType = sourcecode.swift; path = TimerViewController.swift; sourceTree = "<group>"; };
		7D15E10E1B9B47A600AFFF64 /* SettingsViewController.swift */ = {isa = PBXFileReference; fileEncoding = 4; lastKnownFileType = sourcecode.swift; path = SettingsViewController.swift; sourceTree = "<group>"; };
		7D15E1121B9B47D700AFFF64 /* StatsViewController.swift */ = {isa = PBXFileReference; fileEncoding = 4; lastKnownFileType = sourcecode.swift; path = StatsViewController.swift; sourceTree = "<group>"; };
		7DA33A6B1B9B6FD000D335BE /* SelectScrambleStyleViewController.swift */ = {isa = PBXFileReference; fileEncoding = 4; lastKnownFileType = sourcecode.swift; path = SelectScrambleStyleViewController.swift; sourceTree = "<group>"; };
		933D6CA01B9A992C0072E4CD /* SmartCubing.app */ = {isa = PBXFileReference; explicitFileType = wrapper.application; includeInIndex = 0; path = SmartCubing.app; sourceTree = BUILT_PRODUCTS_DIR; };
		933D6CA41B9A992C0072E4CD /* Info.plist */ = {isa = PBXFileReference; lastKnownFileType = text.plist.xml; path = Info.plist; sourceTree = "<group>"; };
		933D6CA51B9A992C0072E4CD /* AppDelegate.swift */ = {isa = PBXFileReference; lastKnownFileType = sourcecode.swift; path = AppDelegate.swift; sourceTree = "<group>"; };
		933D6CA71B9A992C0072E4CD /* ViewController.swift */ = {isa = PBXFileReference; lastKnownFileType = sourcecode.swift; path = ViewController.swift; sourceTree = "<group>"; };
		933D6CAA1B9A992C0072E4CD /* Base */ = {isa = PBXFileReference; lastKnownFileType = file.storyboard; name = Base; path = Base.lproj/Main.storyboard; sourceTree = "<group>"; };
		933D6CAC1B9A992C0072E4CD /* Images.xcassets */ = {isa = PBXFileReference; lastKnownFileType = folder.assetcatalog; path = Images.xcassets; sourceTree = "<group>"; };
		933D6CAF1B9A992C0072E4CD /* Base */ = {isa = PBXFileReference; lastKnownFileType = file.xib; name = Base; path = Base.lproj/LaunchScreen.xib; sourceTree = "<group>"; };
		933D6CB51B9A992C0072E4CD /* SmartCubingTests.xctest */ = {isa = PBXFileReference; explicitFileType = wrapper.cfbundle; includeInIndex = 0; path = SmartCubingTests.xctest; sourceTree = BUILT_PRODUCTS_DIR; };
		933D6CBA1B9A992C0072E4CD /* Info.plist */ = {isa = PBXFileReference; lastKnownFileType = text.plist.xml; path = Info.plist; sourceTree = "<group>"; };
		933D6CBB1B9A992C0072E4CD /* SmartCubingTests.swift */ = {isa = PBXFileReference; lastKnownFileType = sourcecode.swift; path = SmartCubingTests.swift; sourceTree = "<group>"; };
/* End PBXFileReference section */

/* Begin PBXFrameworksBuildPhase section */
		933D6C9D1B9A992C0072E4CD /* Frameworks */ = {
			isa = PBXFrameworksBuildPhase;
			buildActionMask = 2147483647;
			files = (
			);
			runOnlyForDeploymentPostprocessing = 0;
		};
		933D6CB21B9A992C0072E4CD /* Frameworks */ = {
			isa = PBXFrameworksBuildPhase;
			buildActionMask = 2147483647;
			files = (
			);
			runOnlyForDeploymentPostprocessing = 0;
		};
/* End PBXFrameworksBuildPhase section */

/* Begin PBXGroup section */
		7D15E0CD1B9B427D00AFFF64 /* Scrambler */ = {
			isa = PBXGroup;
			children = (
				7D15E0CF1B9B42E800AFFF64 /* ClockScrambler.h */,
				7D15E0D01B9B42E800AFFF64 /* ClockScrambler.m */,
				7D15E0D11B9B42E800AFFF64 /* CTScrambleManager.h */,
				7D15E0D21B9B42E800AFFF64 /* CTScrambleManager.m */,
				7D15E0D31B9B42E800AFFF64 /* CubeScrambler.h */,
				7D15E0D41B9B42E800AFFF64 /* CubeScrambler.m */,
				7D15E0D51B9B42E800AFFF64 /* MegaminxScrambler.h */,
				7D15E0D61B9B42E800AFFF64 /* MegaminxScrambler.m */,
				7D15E0D71B9B42E800AFFF64 /* PyraminxRandomStateScrambler.h */,
				7D15E0D81B9B42E800AFFF64 /* PyraminxRandomStateScrambler.m */,
				7D15E0D91B9B42E800AFFF64 /* RandomNumber.h */,
				7D15E0DA1B9B42E800AFFF64 /* RandomNumber.m */,
				7D15E0DB1B9B42E800AFFF64 /* README.txt */,
				7D15E0DC1B9B42E800AFFF64 /* Square-1 Random-State Scrambler */,
				7D15E0E51B9B42E800AFFF64 /* Square1Scrambler.h */,
				7D15E0E61B9B42E800AFFF64 /* Square1Scrambler.m */,
				7D15E0E71B9B42E800AFFF64 /* Two-Phase Scrambler */,
				7D15E0F51B9B42E800AFFF64 /* TwoByTwoRandomState.h */,
				7D15E0F61B9B42E800AFFF64 /* TwoByTwoRandomState.m */,
			);
			name = Scrambler;
			sourceTree = "<group>";
		};
		7D15E0DC1B9B42E800AFFF64 /* Square-1 Random-State Scrambler */ = {
			isa = PBXGroup;
			children = (
				7D15E0DD1B9B42E800AFFF64 /* SQFullCube.h */,
				7D15E0DE1B9B42E800AFFF64 /* SQFullCube.m */,
				7D15E0DF1B9B42E800AFFF64 /* SQSearch.h */,
				7D15E0E01B9B42E800AFFF64 /* SQSearch.m */,
				7D15E0E11B9B42E800AFFF64 /* SQShape.h */,
				7D15E0E21B9B42E800AFFF64 /* SQShape.m */,
				7D15E0E31B9B42E800AFFF64 /* SQSquare.h */,
				7D15E0E41B9B42E800AFFF64 /* SQSquare.m */,
			);
			path = "Square-1 Random-State Scrambler";
			sourceTree = "<group>";
		};
		7D15E0E71B9B42E800AFFF64 /* Two-Phase Scrambler */ = {
			isa = PBXGroup;
			children = (
				7D15E0E81B9B42E800AFFF64 /* CoordCube.h */,
				7D15E0E91B9B42E800AFFF64 /* CoordCube.m */,
				7D15E0EA1B9B42E800AFFF64 /* CubieCube.h */,
				7D15E0EB1B9B42E800AFFF64 /* CubieCube.m */,
				7D15E0EC1B9B42E800AFFF64 /* Search.h */,
				7D15E0ED1B9B42E800AFFF64 /* Search.m */,
				7D15E0EE1B9B42E800AFFF64 /* SharedVars.m */,
				7D15E0EF1B9B42E800AFFF64 /* SolveFormatConverter.h */,
				7D15E0F01B9B42E800AFFF64 /* SolveFormatConverter.m */,
				7D15E0F11B9B42E800AFFF64 /* TwoPhaseScrambler.h */,
				7D15E0F21B9B42E800AFFF64 /* TwoPhaseScrambler.m */,
				7D15E0F31B9B42E800AFFF64 /* Util.h */,
				7D15E0F41B9B42E800AFFF64 /* Util.m */,
			);
			path = "Two-Phase Scrambler";
			sourceTree = "<group>";
		};
		7D15E10D1B9B478400AFFF64 /* Controllers */ = {
			isa = PBXGroup;
			children = (
				7D15E10B1B9B477E00AFFF64 /* TimerViewController.swift */,
				7D15E10E1B9B47A600AFFF64 /* SettingsViewController.swift */,
				7D15E1121B9B47D700AFFF64 /* StatsViewController.swift */,
				7DA33A6B1B9B6FD000D335BE /* SelectScrambleStyleViewController.swift */,
			);
			name = Controllers;
			sourceTree = "<group>";
		};
		933D6C971B9A992C0072E4CD = {
			isa = PBXGroup;
			children = (
				933D6CA21B9A992C0072E4CD /* SmartCubing */,
				933D6CB81B9A992C0072E4CD /* SmartCubingTests */,
				933D6CA11B9A992C0072E4CD /* Products */,
			);
			sourceTree = "<group>";
		};
		933D6CA11B9A992C0072E4CD /* Products */ = {
			isa = PBXGroup;
			children = (
				933D6CA01B9A992C0072E4CD /* SmartCubing.app */,
				933D6CB51B9A992C0072E4CD /* SmartCubingTests.xctest */,
			);
			name = Products;
			sourceTree = "<group>";
		};
		933D6CA21B9A992C0072E4CD /* SmartCubing */ = {
			isa = PBXGroup;
			children = (
				7D15E10D1B9B478400AFFF64 /* Controllers */,
				7D15E0CD1B9B427D00AFFF64 /* Scrambler */,
				933D6CA51B9A992C0072E4CD /* AppDelegate.swift */,
				933D6CA71B9A992C0072E4CD /* ViewController.swift */,
				933D6CA91B9A992C0072E4CD /* Main.storyboard */,
				933D6CAC1B9A992C0072E4CD /* Images.xcassets */,
				933D6CAE1B9A992C0072E4CD /* LaunchScreen.xib */,
				933D6CA31B9A992C0072E4CD /* Supporting Files */,
				7D15E0CE1B9B42E800AFFF64 /* SmartCubing-Bridging-Header.h */,
			);
			path = SmartCubing;
			sourceTree = "<group>";
		};
		933D6CA31B9A992C0072E4CD /* Supporting Files */ = {
			isa = PBXGroup;
			children = (
				933D6CA41B9A992C0072E4CD /* Info.plist */,
			);
			name = "Supporting Files";
			sourceTree = "<group>";
		};
		933D6CB81B9A992C0072E4CD /* SmartCubingTests */ = {
			isa = PBXGroup;
			children = (
				933D6CBB1B9A992C0072E4CD /* SmartCubingTests.swift */,
				933D6CB91B9A992C0072E4CD /* Supporting Files */,
			);
			path = SmartCubingTests;
			sourceTree = "<group>";
		};
		933D6CB91B9A992C0072E4CD /* Supporting Files */ = {
			isa = PBXGroup;
			children = (
				933D6CBA1B9A992C0072E4CD /* Info.plist */,
			);
			name = "Supporting Files";
			sourceTree = "<group>";
		};
/* End PBXGroup section */

/* Begin PBXNativeTarget section */
		933D6C9F1B9A992C0072E4CD /* SmartCubing */ = {
			isa = PBXNativeTarget;
			buildConfigurationList = 933D6CBF1B9A992C0072E4CD /* Build configuration list for PBXNativeTarget "SmartCubing" */;
			buildPhases = (
				933D6C9C1B9A992C0072E4CD /* Sources */,
				933D6C9D1B9A992C0072E4CD /* Frameworks */,
				933D6C9E1B9A992C0072E4CD /* Resources */,
			);
			buildRules = (
			);
			dependencies = (
			);
			name = SmartCubing;
			productName = SmartCubing;
			productReference = 933D6CA01B9A992C0072E4CD /* SmartCubing.app */;
			productType = "com.apple.product-type.application";
		};
		933D6CB41B9A992C0072E4CD /* SmartCubingTests */ = {
			isa = PBXNativeTarget;
			buildConfigurationList = 933D6CC21B9A992C0072E4CD /* Build configuration list for PBXNativeTarget "SmartCubingTests" */;
			buildPhases = (
				933D6CB11B9A992C0072E4CD /* Sources */,
				933D6CB21B9A992C0072E4CD /* Frameworks */,
				933D6CB31B9A992C0072E4CD /* Resources */,
			);
			buildRules = (
			);
			dependencies = (
				933D6CB71B9A992C0072E4CD /* PBXTargetDependency */,
			);
			name = SmartCubingTests;
			productName = SmartCubingTests;
			productReference = 933D6CB51B9A992C0072E4CD /* SmartCubingTests.xctest */;
			productType = "com.apple.product-type.bundle.unit-test";
		};
/* End PBXNativeTarget section */

/* Begin PBXProject section */
		933D6C981B9A992C0072E4CD /* Project object */ = {
			isa = PBXProject;
			attributes = {
				LastUpgradeCheck = 0620;
				ORGANIZATIONNAME = Swiftoid;
				TargetAttributes = {
					933D6C9F1B9A992C0072E4CD = {
						CreatedOnToolsVersion = 6.2;
					};
					933D6CB41B9A992C0072E4CD = {
						CreatedOnToolsVersion = 6.2;
						TestTargetID = 933D6C9F1B9A992C0072E4CD;
					};
				};
			};
			buildConfigurationList = 933D6C9B1B9A992C0072E4CD /* Build configuration list for PBXProject "SmartCubing" */;
			compatibilityVersion = "Xcode 3.2";
			developmentRegion = English;
			hasScannedForEncodings = 0;
			knownRegions = (
				en,
				Base,
			);
			mainGroup = 933D6C971B9A992C0072E4CD;
			productRefGroup = 933D6CA11B9A992C0072E4CD /* Products */;
			projectDirPath = "";
			projectRoot = "";
			targets = (
				933D6C9F1B9A992C0072E4CD /* SmartCubing */,
				933D6CB41B9A992C0072E4CD /* SmartCubingTests */,
			);
		};
/* End PBXProject section */

/* Begin PBXResourcesBuildPhase section */
		933D6C9E1B9A992C0072E4CD /* Resources */ = {
			isa = PBXResourcesBuildPhase;
			buildActionMask = 2147483647;
			files = (
				933D6CAB1B9A992C0072E4CD /* Main.storyboard in Resources */,
				933D6CB01B9A992C0072E4CD /* LaunchScreen.xib in Resources */,
				7D15E0FD1B9B42E800AFFF64 /* README.txt in Resources */,
				933D6CAD1B9A992C0072E4CD /* Images.xcassets in Resources */,
			);
			runOnlyForDeploymentPostprocessing = 0;
		};
		933D6CB31B9A992C0072E4CD /* Resources */ = {
			isa = PBXResourcesBuildPhase;
			buildActionMask = 2147483647;
			files = (
			);
			runOnlyForDeploymentPostprocessing = 0;
		};
/* End PBXResourcesBuildPhase section */

/* Begin PBXSourcesBuildPhase section */
		933D6C9C1B9A992C0072E4CD /* Sources */ = {
			isa = PBXSourcesBuildPhase;
			buildActionMask = 2147483647;
			files = (
				7D15E1001B9B42E800AFFF64 /* SQShape.m in Sources */,
				7D15E1021B9B42E800AFFF64 /* Square1Scrambler.m in Sources */,
				933D6CA81B9A992C0072E4CD /* ViewController.swift in Sources */,
				7D15E0FF1B9B42E800AFFF64 /* SQSearch.m in Sources */,
				7D15E1061B9B42E800AFFF64 /* SharedVars.m in Sources */,
				7D15E1041B9B42E800AFFF64 /* CubieCube.m in Sources */,
				7D15E10A1B9B42E800AFFF64 /* TwoByTwoRandomState.m in Sources */,
				7D15E0F81B9B42E800AFFF64 /* CTScrambleManager.m in Sources */,
				7D15E0F71B9B42E800AFFF64 /* ClockScrambler.m in Sources */,
				7D15E1081B9B42E800AFFF64 /* TwoPhaseScrambler.m in Sources */,
				7D15E1131B9B47D700AFFF64 /* StatsViewController.swift in Sources */,
				7D15E0FC1B9B42E800AFFF64 /* RandomNumber.m in Sources */,
				7D15E1071B9B42E800AFFF64 /* SolveFormatConverter.m in Sources */,
				7D15E1011B9B42E800AFFF64 /* SQSquare.m in Sources */,
				7D15E1051B9B42E800AFFF64 /* Search.m in Sources */,
				7D15E0FB1B9B42E800AFFF64 /* PyraminxRandomStateScrambler.m in Sources */,
				7D15E10F1B9B47A600AFFF64 /* SettingsViewController.swift in Sources */,
				933D6CA61B9A992C0072E4CD /* AppDelegate.swift in Sources */,
				7D15E1091B9B42E800AFFF64 /* Util.m in Sources */,
				7D15E1031B9B42E800AFFF64 /* CoordCube.m in Sources */,
				7D15E0FE1B9B42E800AFFF64 /* SQFullCube.m in Sources */,
				7D15E0F91B9B42E800AFFF64 /* CubeScrambler.m in Sources */,
				7DA33A6C1B9B6FD000D335BE /* SelectScrambleStyleViewController.swift in Sources */,
				7D15E10C1B9B477E00AFFF64 /* TimerViewController.swift in Sources */,
				7D15E0FA1B9B42E800AFFF64 /* MegaminxScrambler.m in Sources */,
			);
			runOnlyForDeploymentPostprocessing = 0;
		};
		933D6CB11B9A992C0072E4CD /* Sources */ = {
			isa = PBXSourcesBuildPhase;
			buildActionMask = 2147483647;
			files = (
				933D6CBC1B9A992C0072E4CD /* SmartCubingTests.swift in Sources */,
			);
			runOnlyForDeploymentPostprocessing = 0;
		};
/* End PBXSourcesBuildPhase section */

/* Begin PBXTargetDependency section */
		933D6CB71B9A992C0072E4CD /* PBXTargetDependency */ = {
			isa = PBXTargetDependency;
			target = 933D6C9F1B9A992C0072E4CD /* SmartCubing */;
			targetProxy = 933D6CB61B9A992C0072E4CD /* PBXContainerItemProxy */;
		};
/* End PBXTargetDependency section */

/* Begin PBXVariantGroup section */
		933D6CA91B9A992C0072E4CD /* Main.storyboard */ = {
			isa = PBXVariantGroup;
			children = (
				933D6CAA1B9A992C0072E4CD /* Base */,
			);
			name = Main.storyboard;
			sourceTree = "<group>";
		};
		933D6CAE1B9A992C0072E4CD /* LaunchScreen.xib */ = {
			isa = PBXVariantGroup;
			children = (
				933D6CAF1B9A992C0072E4CD /* Base */,
			);
			name = LaunchScreen.xib;
			sourceTree = "<group>";
		};
/* End PBXVariantGroup section */

/* Begin XCBuildConfiguration section */
		933D6CBD1B9A992C0072E4CD /* Debug */ = {
			isa = XCBuildConfiguration;
			buildSettings = {
				ALWAYS_SEARCH_USER_PATHS = NO;
				CLANG_CXX_LANGUAGE_STANDARD = "gnu++0x";
				CLANG_CXX_LIBRARY = "libc++";
				CLANG_ENABLE_MODULES = YES;
				CLANG_ENABLE_OBJC_ARC = YES;
				CLANG_WARN_BOOL_CONVERSION = YES;
				CLANG_WARN_CONSTANT_CONVERSION = YES;
				CLANG_WARN_DIRECT_OBJC_ISA_USAGE = YES_ERROR;
				CLANG_WARN_EMPTY_BODY = YES;
				CLANG_WARN_ENUM_CONVERSION = YES;
				CLANG_WARN_INT_CONVERSION = YES;
				CLANG_WARN_OBJC_ROOT_CLASS = YES_ERROR;
				CLANG_WARN_UNREACHABLE_CODE = YES;
				CLANG_WARN__DUPLICATE_METHOD_MATCH = YES;
				"CODE_SIGN_IDENTITY[sdk=iphoneos*]" = "iPhone Developer";
				COPY_PHASE_STRIP = NO;
				ENABLE_STRICT_OBJC_MSGSEND = YES;
				GCC_C_LANGUAGE_STANDARD = gnu99;
				GCC_DYNAMIC_NO_PIC = NO;
				GCC_OPTIMIZATION_LEVEL = 0;
				GCC_PREPROCESSOR_DEFINITIONS = (
					"DEBUG=1",
					"$(inherited)",
				);
				GCC_SYMBOLS_PRIVATE_EXTERN = NO;
				GCC_WARN_64_TO_32_BIT_CONVERSION = YES;
				GCC_WARN_ABOUT_RETURN_TYPE = YES_ERROR;
				GCC_WARN_UNDECLARED_SELECTOR = YES;
				GCC_WARN_UNINITIALIZED_AUTOS = YES_AGGRESSIVE;
				GCC_WARN_UNUSED_FUNCTION = YES;
				GCC_WARN_UNUSED_VARIABLE = YES;
				IPHONEOS_DEPLOYMENT_TARGET = 8.2;
				MTL_ENABLE_DEBUG_INFO = YES;
				ONLY_ACTIVE_ARCH = YES;
				SDKROOT = iphoneos;
				SWIFT_OPTIMIZATION_LEVEL = "-Onone";
			};
			name = Debug;
		};
		933D6CBE1B9A992C0072E4CD /* Release */ = {
			isa = XCBuildConfiguration;
			buildSettings = {
				ALWAYS_SEARCH_USER_PATHS = NO;
				CLANG_CXX_LANGUAGE_STANDARD = "gnu++0x";
				CLANG_CXX_LIBRARY = "libc++";
				CLANG_ENABLE_MODULES = YES;
				CLANG_ENABLE_OBJC_ARC = YES;
				CLANG_WARN_BOOL_CONVERSION = YES;
				CLANG_WARN_CONSTANT_CONVERSION = YES;
				CLANG_WARN_DIRECT_OBJC_ISA_USAGE = YES_ERROR;
				CLANG_WARN_EMPTY_BODY = YES;
				CLANG_WARN_ENUM_CONVERSION = YES;
				CLANG_WARN_INT_CONVERSION = YES;
				CLANG_WARN_OBJC_ROOT_CLASS = YES_ERROR;
				CLANG_WARN_UNREACHABLE_CODE = YES;
				CLANG_WARN__DUPLICATE_METHOD_MATCH = YES;
				"CODE_SIGN_IDENTITY[sdk=iphoneos*]" = "iPhone Developer";
				COPY_PHASE_STRIP = NO;
				ENABLE_NS_ASSERTIONS = NO;
				ENABLE_STRICT_OBJC_MSGSEND = YES;
				GCC_C_LANGUAGE_STANDARD = gnu99;
				GCC_WARN_64_TO_32_BIT_CONVERSION = YES;
				GCC_WARN_ABOUT_RETURN_TYPE = YES_ERROR;
				GCC_WARN_UNDECLARED_SELECTOR = YES;
				GCC_WARN_UNINITIALIZED_AUTOS = YES_AGGRESSIVE;
				GCC_WARN_UNUSED_FUNCTION = YES;
				GCC_WARN_UNUSED_VARIABLE = YES;
				IPHONEOS_DEPLOYMENT_TARGET = 8.2;
				MTL_ENABLE_DEBUG_INFO = NO;
				SDKROOT = iphoneos;
				VALIDATE_PRODUCT = YES;
			};
			name = Release;
		};
		933D6CC01B9A992C0072E4CD /* Debug */ = {
			isa = XCBuildConfiguration;
			buildSettings = {
				ASSETCATALOG_COMPILER_APPICON_NAME = AppIcon;
				CLANG_ENABLE_MODULES = YES;
				INFOPLIST_FILE = SmartCubing/Info.plist;
				LD_RUNPATH_SEARCH_PATHS = "$(inherited) @executable_path/Frameworks";
				PRODUCT_NAME = "$(TARGET_NAME)";
				SWIFT_OBJC_BRIDGING_HEADER = "SmartCubing/SmartCubing-Bridging-Header.h";
				SWIFT_OPTIMIZATION_LEVEL = "-Onone";
			};
			name = Debug;
		};
		933D6CC11B9A992C0072E4CD /* Release */ = {
			isa = XCBuildConfiguration;
			buildSettings = {
				ASSETCATALOG_COMPILER_APPICON_NAME = AppIcon;
				CLANG_ENABLE_MODULES = YES;
				INFOPLIST_FILE = SmartCubing/Info.plist;
				LD_RUNPATH_SEARCH_PATHS = "$(inherited) @executable_path/Frameworks";
				PRODUCT_NAME = "$(TARGET_NAME)";
				SWIFT_OBJC_BRIDGING_HEADER = "SmartCubing/SmartCubing-Bridging-Header.h";
			};
			name = Release;
		};
		933D6CC31B9A992C0072E4CD /* Debug */ = {
			isa = XCBuildConfiguration;
			buildSettings = {
				BUNDLE_LOADER = "$(TEST_HOST)";
				FRAMEWORK_SEARCH_PATHS = (
					"$(SDKROOT)/Developer/Library/Frameworks",
					"$(inherited)",
				);
				GCC_PREPROCESSOR_DEFINITIONS = (
					"DEBUG=1",
					"$(inherited)",
				);
				INFOPLIST_FILE = SmartCubingTests/Info.plist;
				LD_RUNPATH_SEARCH_PATHS = "$(inherited) @executable_path/Frameworks @loader_path/Frameworks";
				PRODUCT_NAME = "$(TARGET_NAME)";
				TEST_HOST = "$(BUILT_PRODUCTS_DIR)/SmartCubing.app/SmartCubing";
			};
			name = Debug;
		};
		933D6CC41B9A992C0072E4CD /* Release */ = {
			isa = XCBuildConfiguration;
			buildSettings = {
				BUNDLE_LOADER = "$(TEST_HOST)";
				FRAMEWORK_SEARCH_PATHS = (
					"$(SDKROOT)/Developer/Library/Frameworks",
					"$(inherited)",
				);
				INFOPLIST_FILE = SmartCubingTests/Info.plist;
				LD_RUNPATH_SEARCH_PATHS = "$(inherited) @executable_path/Frameworks @loader_path/Frameworks";
				PRODUCT_NAME = "$(TARGET_NAME)";
				TEST_HOST = "$(BUILT_PRODUCTS_DIR)/SmartCubing.app/SmartCubing";
			};
			name = Release;
		};
/* End XCBuildConfiguration section */

/* Begin XCConfigurationList section */
		933D6C9B1B9A992C0072E4CD /* Build configuration list for PBXProject "SmartCubing" */ = {
			isa = XCConfigurationList;
			buildConfigurations = (
				933D6CBD1B9A992C0072E4CD /* Debug */,
				933D6CBE1B9A992C0072E4CD /* Release */,
			);
			defaultConfigurationIsVisible = 0;
			defaultConfigurationName = Release;
		};
		933D6CBF1B9A992C0072E4CD /* Build configuration list for PBXNativeTarget "SmartCubing" */ = {
			isa = XCConfigurationList;
			buildConfigurations = (
				933D6CC01B9A992C0072E4CD /* Debug */,
				933D6CC11B9A992C0072E4CD /* Release */,
			);
			defaultConfigurationIsVisible = 0;
			defaultConfigurationName = Release;
		};
		933D6CC21B9A992C0072E4CD /* Build configuration list for PBXNativeTarget "SmartCubingTests" */ = {
			isa = XCConfigurationList;
			buildConfigurations = (
				933D6CC31B9A992C0072E4CD /* Debug */,
				933D6CC41B9A992C0072E4CD /* Release */,
			);
			defaultConfigurationIsVisible = 0;
			defaultConfigurationName = Release;
		};
/* End XCConfigurationList section */
	};
	rootObject = 933D6C981B9A992C0072E4CD /* Project object */;
}
